
Microsoft Visual Studio Solution File, Format Version 12.00
# Visual Studio 2012
Project("{2150E333-8FDC-42A3-9474-1A3956D46DE8}") = "Infrastructure", "Infrastructure", "{8D559F36-1220-458C-8EC0-F28E19F6C5C7}"
EndProject
Project("{2150E333-8FDC-42A3-9474-1A3956D46DE8}") = "Core", "Core", "{C251E878-0408-4CBB-9C56-9FAAECEE32F7}"
EndProject
Project("{2150E333-8FDC-42A3-9474-1A3956D46DE8}") = "Application", "Application", "{DCFE5C32-44FA-4B75-98C1-541C16B6DFAE}"
EndProject
Project("{2150E333-8FDC-42A3-9474-1A3956D46DE8}") = "Presentation", "Presentation", "{F52BF86D-560E-42FC-A8FC-0D53CF64AEB2}"
EndProject
Project("{FAE04EC0-301F-11D3-BF4B-00C04F79EFBC}") = "LotteryDraw.Site", "LotteryDraw.Site\LotteryDraw.Site.csproj", "{E2A9DD75-367E-4081-8B2B-F736154439B5}"
EndProject
Project("{FAE04EC0-301F-11D3-BF4B-00C04F79EFBC}") = "LotteryDraw.Site.Models", "LotteryDraw.Site.Models\LotteryDraw.Site.Models.csproj", "{4BC52A24-A10E-4255-83D6-BDB028773122}"
EndProject
Project("{FAE04EC0-301F-11D3-BF4B-00C04F79EFBC}") = "LotteryDraw.Core", "LotteryDraw.Core\LotteryDraw.Core.csproj", "{B9FE21D8-FEA9-4360-AAF4-B7E0417B5956}"
EndProject
Project("{FAE04EC0-301F-11D3-BF4B-00C04F79EFBC}") = "LotteryDraw.Core.Data", "LotteryDraw.Core.Data\LotteryDraw.Core.Data.csproj", "{761686F6-93A6-4313-94D5-29DC65492EC0}"
EndProject
Project("{FAE04EC0-301F-11D3-BF4B-00C04F79EFBC}") = "LotteryDraw.Core.Models", "LotteryDraw.Core.Models\LotteryDraw.Core.Models.csproj", "{CD4A2973-B3C1-4397-8855-A007428B760C}"
EndProject
Project("{FAE04EC0-301F-11D3-BF4B-00C04F79EFBC}") = "LotteryDraw.Site.Web", "LotteryDraw.Site.Web\LotteryDraw.Site.Web.csproj", "{56F37761-F5C5-4372-A091-07A8CFF52D83}"
EndProject
Project("{FAE04EC0-301F-11D3-BF4B-00C04F79EFBC}") = "LotteryDraw.Consoles", "LotteryDraw.Consoles\LotteryDraw.Consoles.csproj", "{9B91ECEF-3370-4604-8723-9BC955C10BFB}"
EndProject
Project("{FAE04EC0-301F-11D3-BF4B-00C04F79EFBC}") = "LotteryDraw.Component.Cache", "LotteryDraw.Component.Cache\LotteryDraw.Component.Cache.csproj", "{A155C5D8-FEE0-415C-940A-26C94D61BE9B}"
EndProject
Project("{FAE04EC0-301F-11D3-BF4B-00C04F79EFBC}") = "LotteryDraw.Component.Config", "LotteryDraw.Component.Config\LotteryDraw.Component.Config.csproj", "{3BF4147E-D01D-4FFF-B8E7-FE24959B2D7E}"
EndProject
Project("{FAE04EC0-301F-11D3-BF4B-00C04F79EFBC}") = "LotteryDraw.Component.Data", "LotteryDraw.Component.Data\LotteryDraw.Component.Data.csproj", "{01D263C6-97D8-496F-9E95-CA338F597747}"
EndProject
Project("{FAE04EC0-301F-11D3-BF4B-00C04F79EFBC}") = "LotteryDraw.Component.Log", "LotteryDraw.Component.Log\LotteryDraw.Component.Log.csproj", "{8AE51EE2-67DB-4F57-98FE-CBB890C9A5A2}"
EndProject
Project("{FAE04EC0-301F-11D3-BF4B-00C04F79EFBC}") = "LotteryDraw.Component.Tools", "LotteryDraw.Component.Tools\LotteryDraw.Component.Tools.csproj", "{A6DFE374-FD47-482A-B733-852C6D840D34}"
EndProject
Project("{FAE04EC0-301F-11D3-BF4B-00C04F79EFBC}") = "LotteryDraw.Component.Utility", "LotteryDraw.Component.Utility\LotteryDraw.Component.Utility.csproj", "{9F519EF8-800F-40CB-9545-9AEADF0F387D}"
EndProject
Global
	GlobalSection(SolutionConfigurationPlatforms) = preSolution
		Debug|Any CPU = Debug|Any CPU
		Release|Any CPU = Release|Any CPU
	EndGlobalSection
	GlobalSection(ProjectConfigurationPlatforms) = postSolution
		{E2A9DD75-367E-4081-8B2B-F736154439B5}.Debug|Any CPU.ActiveCfg = Debug|Any CPU
		{E2A9DD75-367E-4081-8B2B-F736154439B5}.Debug|Any CPU.Build.0 = Debug|Any CPU
		{E2A9DD75-367E-4081-8B2B-F736154439B5}.Release|Any CPU.ActiveCfg = Release|Any CPU
		{E2A9DD75-367E-4081-8B2B-F736154439B5}.Release|Any CPU.Build.0 = Release|Any CPU
		{4BC52A24-A10E-4255-83D6-BDB028773122}.Debug|Any CPU.ActiveCfg = Debug|Any CPU
		{4BC52A24-A10E-4255-83D6-BDB028773122}.Debug|Any CPU.Build.0 = Debug|Any CPU
		{4BC52A24-A10E-4255-83D6-BDB028773122}.Release|Any CPU.ActiveCfg = Release|Any CPU
		{4BC52A24-A10E-4255-83D6-BDB028773122}.Release|Any CPU.Build.0 = Release|Any CPU
		{B9FE21D8-FEA9-4360-AAF4-B7E0417B5956}.Debug|Any CPU.ActiveCfg = Debug|Any CPU
		{B9FE21D8-FEA9-4360-AAF4-B7E0417B5956}.Debug|Any CPU.Build.0 = Debug|Any CPU
		{B9FE21D8-FEA9-4360-AAF4-B7E0417B5956}.Release|Any CPU.ActiveCfg = Release|Any CPU
		{B9FE21D8-FEA9-4360-AAF4-B7E0417B5956}.Release|Any CPU.Build.0 = Release|Any CPU
		{761686F6-93A6-4313-94D5-29DC65492EC0}.Debug|Any CPU.ActiveCfg = Debug|Any CPU
		{761686F6-93A6-4313-94D5-29DC65492EC0}.Debug|Any CPU.Build.0 = Debug|Any CPU
		{761686F6-93A6-4313-94D5-29DC65492EC0}.Release|Any CPU.ActiveCfg = Release|Any CPU
		{761686F6-93A6-4313-94D5-29DC65492EC0}.Release|Any CPU.Build.0 = Release|Any CPU
		{CD4A2973-B3C1-4397-8855-A007428B760C}.Debug|Any CPU.ActiveCfg = Debug|Any CPU
		{CD4A2973-B3C1-4397-8855-A007428B760C}.Debug|Any CPU.Build.0 = Debug|Any CPU
		{CD4A2973-B3C1-4397-8855-A007428B760C}.Release|Any CPU.ActiveCfg = Release|Any CPU
		{CD4A2973-B3C1-4397-8855-A007428B760C}.Release|Any CPU.Build.0 = Release|Any CPU
		{56F37761-F5C5-4372-A091-07A8CFF52D83}.Debug|Any CPU.ActiveCfg = Debug|Any CPU
		{56F37761-F5C5-4372-A091-07A8CFF52D83}.Debug|Any CPU.Build.0 = Debug|Any CPU
		{56F37761-F5C5-4372-A091-07A8CFF52D83}.Release|Any CPU.ActiveCfg = Release|Any CPU
		{56F37761-F5C5-4372-A091-07A8CFF52D83}.Release|Any CPU.Build.0 = Release|Any CPU
		{9B91ECEF-3370-4604-8723-9BC955C10BFB}.Debug|Any CPU.ActiveCfg = Debug|Any CPU
		{9B91ECEF-3370-4604-8723-9BC955C10BFB}.Debug|Any CPU.Build.0 = Debug|Any CPU
		{9B91ECEF-3370-4604-8723-9BC955C10BFB}.Release|Any CPU.ActiveCfg = Release|Any CPU
		{9B91ECEF-3370-4604-8723-9BC955C10BFB}.Release|Any CPU.Build.0 = Release|Any CPU
		{A155C5D8-FEE0-415C-940A-26C94D61BE9B}.Debug|Any CPU.ActiveCfg = Debug|Any CPU
		{A155C5D8-FEE0-415C-940A-26C94D61BE9B}.Debug|Any CPU.Build.0 = Debug|Any CPU
		{A155C5D8-FEE0-415C-940A-26C94D61BE9B}.Release|Any CPU.ActiveCfg = Release|Any CPU
		{A155C5D8-FEE0-415C-940A-26C94D61BE9B}.Release|Any CPU.Build.0 = Release|Any CPU
		{3BF4147E-D01D-4FFF-B8E7-FE24959B2D7E}.Debug|Any CPU.ActiveCfg = Debug|Any CPU
		{3BF4147E-D01D-4FFF-B8E7-FE24959B2D7E}.Debug|Any CPU.Build.0 = Debug|Any CPU
		{3BF4147E-D01D-4FFF-B8E7-FE24959B2D7E}.Release|Any CPU.ActiveCfg = Release|Any CPU
		{3BF4147E-D01D-4FFF-B8E7-FE24959B2D7E}.Release|Any CPU.Build.0 = Release|Any CPU
		{01D263C6-97D8-496F-9E95-CA338F597747}.Debug|Any CPU.ActiveCfg = Debug|Any CPU
		{01D263C6-97D8-496F-9E95-CA338F597747}.Debug|Any CPU.Build.0 = Debug|Any CPU
		{01D263C6-97D8-496F-9E95-CA338F597747}.Release|Any CPU.ActiveCfg = Release|Any CPU
		{01D263C6-97D8-496F-9E95-CA338F597747}.Release|Any CPU.Build.0 = Release|Any CPU
		{8AE51EE2-67DB-4F57-98FE-CBB890C9A5A2}.Debug|Any CPU.ActiveCfg = Debug|Any CPU
		{8AE51EE2-67DB-4F57-98FE-CBB890C9A5A2}.Debug|Any CPU.Build.0 = Debug|Any CPU
		{8AE51EE2-67DB-4F57-98FE-CBB890C9A5A2}.Release|Any CPU.ActiveCfg = Release|Any CPU
		{8AE51EE2-67DB-4F57-98FE-CBB890C9A5A2}.Release|Any CPU.Build.0 = Release|Any CPU
		{A6DFE374-FD47-482A-B733-852C6D840D34}.Debug|Any CPU.ActiveCfg = Debug|Any CPU
		{A6DFE374-FD47-482A-B733-852C6D840D34}.Debug|Any CPU.Build.0 = Debug|Any CPU
		{A6DFE374-FD47-482A-B733-852C6D840D34}.Release|Any CPU.ActiveCfg = Release|Any CPU
		{A6DFE374-FD47-482A-B733-852C6D840D34}.Release|Any CPU.Build.0 = Release|Any CPU
		{9F519EF8-800F-40CB-9545-9AEADF0F387D}.Debug|Any CPU.ActiveCfg = Debug|Any CPU
		{9F519EF8-800F-40CB-9545-9AEADF0F387D}.Debug|Any CPU.Build.0 = Debug|Any CPU
		{9F519EF8-800F-40CB-9545-9AEADF0F387D}.Release|Any CPU.ActiveCfg = Release|Any CPU
		{9F519EF8-800F-40CB-9545-9AEADF0F387D}.Release|Any CPU.Build.0 = Release|Any CPU
	EndGlobalSection
	GlobalSection(SolutionProperties) = preSolution
		HideSolutionNode = FALSE
	EndGlobalSection
	GlobalSection(NestedProjects) = preSolution
		{A155C5D8-FEE0-415C-940A-26C94D61BE9B} = {8D559F36-1220-458C-8EC0-F28E19F6C5C7}
		{3BF4147E-D01D-4FFF-B8E7-FE24959B2D7E} = {8D559F36-1220-458C-8EC0-F28E19F6C5C7}
		{01D263C6-97D8-496F-9E95-CA338F597747} = {8D559F36-1220-458C-8EC0-F28E19F6C5C7}
		{8AE51EE2-67DB-4F57-98FE-CBB890C9A5A2} = {8D559F36-1220-458C-8EC0-F28E19F6C5C7}
		{A6DFE374-FD47-482A-B733-852C6D840D34} = {8D559F36-1220-458C-8EC0-F28E19F6C5C7}
		{9F519EF8-800F-40CB-9545-9AEADF0F387D} = {8D559F36-1220-458C-8EC0-F28E19F6C5C7}
		{B9FE21D8-FEA9-4360-AAF4-B7E0417B5956} = {C251E878-0408-4CBB-9C56-9FAAECEE32F7}
		{761686F6-93A6-4313-94D5-29DC65492EC0} = {C251E878-0408-4CBB-9C56-9FAAECEE32F7}
		{CD4A2973-B3C1-4397-8855-A007428B760C} = {C251E878-0408-4CBB-9C56-9FAAECEE32F7}
		{E2A9DD75-367E-4081-8B2B-F736154439B5} = {DCFE5C32-44FA-4B75-98C1-541C16B6DFAE}
		{4BC52A24-A10E-4255-83D6-BDB028773122} = {DCFE5C32-44FA-4B75-98C1-541C16B6DFAE}
		{56F37761-F5C5-4372-A091-07A8CFF52D83} = {F52BF86D-560E-42FC-A8FC-0D53CF64AEB2}
		{9B91ECEF-3370-4604-8723-9BC955C10BFB} = {F52BF86D-560E-42FC-A8FC-0D53CF64AEB2}
	EndGlobalSection
EndGlobal
